
Microsoft Visual Studio Solution File, Format Version 12.00
# Visual Studio Version 16
VisualStudioVersion = 16.0.31729.503
MinimumVisualStudioVersion = 10.0.40219.1
Project("{9A19103F-16F7-4668-BE54-9A1E7A4F7556}") = "Calculator", "Calculator.csproj", "{EAC65BD1-C458-4109-B2D9-1FB117D96D55}"
EndProject
Global
	GlobalSection(SolutionConfigurationPlatforms) = preSolution
		Debug|Any CPU = Debug|Any CPU
		Debug|x64 = Debug|x64
		Release|Any CPU = Release|Any CPU
		Release|x64 = Release|x64
	EndGlobalSection
	GlobalSection(ProjectConfigurationPlatforms) = postSolution
		{EAC65BD1-C458-4109-B2D9-1FB117D96D55}.Debug|Any CPU.ActiveCfg = Debug|Any CPU
		{EAC65BD1-C458-4109-B2D9-1FB117D96D55}.Debug|Any CPU.Build.0 = Debug|Any CPU
		{EAC65BD1-C458-4109-B2D9-1FB117D96D55}.Debug|x64.ActiveCfg = Debug|x64
		{EAC65BD1-C458-4109-B2D9-1FB117D96D55}.Debug|x64.Build.0 = Debug|x64
		{EAC65BD1-C458-4109-B2D9-1FB117D96D55}.Release|Any CPU.ActiveCfg = Release|Any CPU
		{EAC65BD1-C458-4109-B2D9-1FB117D96D55}.Release|Any CPU.Build.0 = Release|Any CPU
		{EAC65BD1-C458-4109-B2D9-1FB117D96D55}.Release|x64.ActiveCfg = Release|x64
		{EAC65BD1-C458-4109-B2D9-1FB117D96D55}.Release|x64.Build.0 = Release|x64
	EndGlobalSection
	GlobalSection(SolutionProperties) = preSolution
		HideSolutionNode = FALSE
	EndGlobalSection
	GlobalSection(ExtensibilityGlobals) = postSolution
		SolutionGuid = {6CDD5216-EBE0-4946-8134-2C7DA572ECD6}
	EndGlobalSection
EndGlobal
